{
  "version": 4,
  "terraform_version": "0.14.3",
  "serial": 22,
  "lineage": "fb036f90-9ecb-ff1e-e248-d412136dd72c",
  "outputs": {
    "arn": {
      "value": "arn:aws:lambda:us-east-1:918025571920:function:udactiy_lambda",
      "type": "string"
    },
    "last_modified": {
      "value": "2021-04-08T12:12:03.435+0000",
      "type": "string"
    },
    "qualified_arn": {
      "value": "arn:aws:lambda:us-east-1:918025571920:function:udactiy_lambda:$LATEST",
      "type": "string"
    }
  },
  "resources": [
    {
      "mode": "data",
      "type": "archive_file",
      "name": "lambda_zip",
      "provider": "provider[\"registry.terraform.io/hashicorp/archive\"]",
      "instances": [
        {
          "schema_version": 0,
          "attributes": {
            "excludes": null,
            "id": "744d233f3c8656683d825b0195ec0f89a95e9ef2",
            "output_base64sha256": "baZkNGKyVQRENTD8+1y9gNFLYM9z+ndgcj2eO9Uuatw=",
            "output_md5": "7fb885794e52538caf1f8595d055d0bc",
            "output_path": "lambda_function.zip",
            "output_sha": "744d233f3c8656683d825b0195ec0f89a95e9ef2",
            "output_size": 238,
            "source": [],
            "source_content": null,
            "source_content_filename": null,
            "source_dir": null,
            "source_file": "greet_lambda.py",
            "type": "zip"
          },
          "sensitive_attributes": []
        }
      ]
    },
    {
      "mode": "managed",
      "type": "aws_iam_role",
      "name": "iam_for_lambda_tf",
      "provider": "provider[\"registry.terraform.io/hashicorp/aws\"]",
      "instances": [
        {
          "schema_version": 0,
          "attributes": {
            "arn": "arn:aws:iam::918025571920:role/iam_for_lambda_tf",
            "assume_role_policy": "{\"Version\":\"2012-10-17\",\"Statement\":[{\"Sid\":\"\",\"Effect\":\"Allow\",\"Principal\":{\"Service\":\"lambda.amazonaws.com\"},\"Action\":\"sts:AssumeRole\"}]}",
            "create_date": "2021-04-08T12:11:51Z",
            "description": "",
            "force_detach_policies": false,
            "id": "iam_for_lambda_tf",
            "inline_policy": [
              {
                "name": "",
                "policy": ""
              }
            ],
            "managed_policy_arns": [],
            "max_session_duration": 3600,
            "name": "iam_for_lambda_tf",
            "name_prefix": null,
            "path": "/",
            "permissions_boundary": null,
            "tags": null,
            "unique_id": "AROA5LPUWRZILJCDVUX6I"
          },
          "sensitive_attributes": [],
          "private": "bnVsbA=="
        }
      ]
    },
    {
      "mode": "managed",
      "type": "aws_lambda_function",
      "name": "udactiy_lambda",
      "provider": "provider[\"registry.terraform.io/hashicorp/aws\"]",
      "instances": [
        {
          "schema_version": 0,
          "attributes": {
            "arn": "arn:aws:lambda:us-east-1:918025571920:function:udactiy_lambda",
            "code_signing_config_arn": "",
            "dead_letter_config": [],
            "description": "",
            "environment": [],
            "file_system_config": [],
            "filename": "lambda_function.zip",
            "function_name": "udactiy_lambda",
            "handler": "greet_lambda.lambda_handler",
            "id": "udactiy_lambda",
            "image_config": [],
            "image_uri": "",
            "invoke_arn": "arn:aws:apigateway:us-east-1:lambda:path/2015-03-31/functions/arn:aws:lambda:us-east-1:918025571920:function:udactiy_lambda/invocations",
            "kms_key_arn": "",
            "last_modified": "2021-04-08T12:12:03.435+0000",
            "layers": null,
            "memory_size": 128,
            "package_type": "Zip",
            "publish": false,
            "qualified_arn": "arn:aws:lambda:us-east-1:918025571920:function:udactiy_lambda:$LATEST",
            "reserved_concurrent_executions": -1,
            "role": "arn:aws:iam::918025571920:role/iam_for_lambda_tf",
            "runtime": "python3.8",
            "s3_bucket": null,
            "s3_key": null,
            "s3_object_version": null,
            "signing_job_arn": "",
            "signing_profile_version_arn": "",
            "source_code_hash": "baZkNGKyVQRENTD8+1y9gNFLYM9z+ndgcj2eO9Uuatw=",
            "source_code_size": 238,
            "tags": null,
            "timeout": 3,
            "timeouts": null,
            "tracing_config": [
              {
                "mode": "PassThrough"
              }
            ],
            "version": "$LATEST",
            "vpc_config": []
          },
          "sensitive_attributes": [],
          "private": "eyJlMmJmYjczMC1lY2FhLTExZTYtOGY4OC0zNDM2M2JjN2M0YzAiOnsiY3JlYXRlIjo2MDAwMDAwMDAwMDB9fQ==",
          "dependencies": [
            "aws_iam_role.iam_for_lambda_tf",
            "data.archive_file.lambda_zip"
          ]
        }
      ]
    }
  ]
}
